
Microsoft Visual Studio Solution File, Format Version 12.00
# Visual Studio Version 17
VisualStudioVersion = 17.7.34202.233
MinimumVisualStudioVersion = 10.0.40219.1
Project("{FAE04EC0-301F-11D3-BF4B-00C04F79EFBC}") = "number3", "number3\number3.csproj", "{CFEE5F17-B480-48B1-B482-A1774A72765A}"
EndProject
Global
	GlobalSection(SolutionConfigurationPlatforms) = preSolution
		Debug|Any CPU = Debug|Any CPU
		Release|Any CPU = Release|Any CPU
	EndGlobalSection
	GlobalSection(ProjectConfigurationPlatforms) = postSolution
		{CFEE5F17-B480-48B1-B482-A1774A72765A}.Debug|Any CPU.ActiveCfg = Debug|Any CPU
		{CFEE5F17-B480-48B1-B482-A1774A72765A}.Debug|Any CPU.Build.0 = Debug|Any CPU
		{CFEE5F17-B480-48B1-B482-A1774A72765A}.Release|Any CPU.ActiveCfg = Release|Any CPU
		{CFEE5F17-B480-48B1-B482-A1774A72765A}.Release|Any CPU.Build.0 = Release|Any CPU
	EndGlobalSection
	GlobalSection(SolutionProperties) = preSolution
		HideSolutionNode = FALSE
	EndGlobalSection
	GlobalSection(ExtensibilityGlobals) = postSolution
		SolutionGuid = {1CB6CDEA-F632-4F9C-BAE5-920BCC1A689D}
	EndGlobalSection
EndGlobal
